// !$*UTF8*$!
{
	archiveVersion = 1;
	classes = {
	};
	objectVersion = 50;
	objects = {

/* Begin PBXBuildFile section */
		67EEA8182469E98900259B07 /* AppDelegate.swift in Sources */ = {isa = PBXBuildFile; fileRef = 67EEA8172469E98900259B07 /* AppDelegate.swift */; };
		67EEA81C2469E98900259B07 /* ViewController.swift in Sources */ = {isa = PBXBuildFile; fileRef = 67EEA81B2469E98900259B07 /* ViewController.swift */; };
		67EEA81F2469E98900259B07 /* Main.storyboard in Resources */ = {isa = PBXBuildFile; fileRef = 67EEA81D2469E98900259B07 /* Main.storyboard */; };
		67EEA8212469E98C00259B07 /* Assets.xcassets in Resources */ = {isa = PBXBuildFile; fileRef = 67EEA8202469E98C00259B07 /* Assets.xcassets */; };
		67EEA8242469E98C00259B07 /* LaunchScreen.storyboard in Resources */ = {isa = PBXBuildFile; fileRef = 67EEA8222469E98C00259B07 /* LaunchScreen.storyboard */; };
		67EEA82F2469E98C00259B07 /* LocationAppTests.swift in Sources */ = {isa = PBXBuildFile; fileRef = 67EEA82E2469E98C00259B07 /* LocationAppTests.swift */; };
/* End PBXBuildFile section */

/* Begin PBXContainerItemProxy section */
		67EEA82B2469E98C00259B07 /* PBXContainerItemProxy */ = {
			isa = PBXContainerItemProxy;
			containerPortal = 67EEA80C2469E98900259B07 /* Project object */;
			proxyType = 1;
			remoteGlobalIDString = 67EEA8132469E98900259B07;
			remoteInfo = LocationApp;
		};
/* End PBXContainerItemProxy section */

/* Begin PBXFileReference section */
		67EEA8142469E98900259B07 /* LocationApp.app */ = {isa = PBXFileReference; explicitFileType = wrapper.application; includeInIndex = 0; path = LocationApp.app; sourceTree = BUILT_PRODUCTS_DIR; };
		67EEA8172469E98900259B07 /* AppDelegate.swift */ = {isa = PBXFileReference; lastKnownFileType = sourcecode.swift; path = AppDelegate.swift; sourceTree = "<group>"; };
		67EEA81B2469E98900259B07 /* ViewController.swift */ = {isa = PBXFileReference; lastKnownFileType = sourcecode.swift; path = ViewController.swift; sourceTree = "<group>"; };
		67EEA81E2469E98900259B07 /* Base */ = {isa = PBXFileReference; lastKnownFileType = file.storyboard; name = Base; path = Base.lproj/Main.storyboard; sourceTree = "<group>"; };
		67EEA8202469E98C00259B07 /* Assets.xcassets */ = {isa = PBXFileReference; lastKnownFileType = folder.assetcatalog; path = Assets.xcassets; sourceTree = "<group>"; };
		67EEA8232469E98C00259B07 /* Base */ = {isa = PBXFileReference; lastKnownFileType = file.storyboard; name = Base; path = Base.lproj/LaunchScreen.storyboard; sourceTree = "<group>"; };
		67EEA8252469E98C00259B07 /* Info.plist */ = {isa = PBXFileReference; lastKnownFileType = text.plist.xml; path = Info.plist; sourceTree = "<group>"; };
		67EEA82A2469E98C00259B07 /* LocationAppTests.xctest */ = {isa = PBXFileReference; explicitFileType = wrapper.cfbundle; includeInIndex = 0; path = LocationAppTests.xctest; sourceTree = BUILT_PRODUCTS_DIR; };
		67EEA82E2469E98C00259B07 /* LocationAppTests.swift */ = {isa = PBXFileReference; lastKnownFileType = sourcecode.swift; path = LocationAppTests.swift; sourceTree = "<group>"; };
		67EEA8302469E98C00259B07 /* Info.plist */ = {isa = PBXFileReference; lastKnownFileType = text.plist.xml; path = Info.plist; sourceTree = "<group>"; };
/* End PBXFileReference section */

/* Begin PBXFrameworksBuildPhase section */
		67EEA8112469E98900259B07 /* Frameworks */ = {
			isa = PBXFrameworksBuildPhase;
			buildActionMask = 2147483647;
			files = (
			);
			runOnlyForDeploymentPostprocessing = 0;
		};
		67EEA8272469E98C00259B07 /* Frameworks */ = {
			isa = PBXFrameworksBuildPhase;
			buildActionMask = 2147483647;
			files = (
			);
			runOnlyForDeploymentPostprocessing = 0;
		};
/* End PBXFrameworksBuildPhase section */

/* Begin PBXGroup section */
		67EEA80B2469E98900259B07 = {
			isa = PBXGroup;
			children = (
				67EEA8162469E98900259B07 /* LocationApp */,
				67EEA82D2469E98C00259B07 /* LocationAppTests */,
				67EEA8152469E98900259B07 /* Products */,
			);
			sourceTree = "<group>";
		};
		67EEA8152469E98900259B07 /* Products */ = {
			isa = PBXGroup;
			children = (
				67EEA8142469E98900259B07 /* LocationApp.app */,
				67EEA82A2469E98C00259B07 /* LocationAppTests.xctest */,
			);
			name = Products;
			sourceTree = "<group>";
		};
		67EEA8162469E98900259B07 /* LocationApp */ = {
			isa = PBXGroup;
			children = (
				67EEA8172469E98900259B07 /* AppDelegate.swift */,
				67EEA81B2469E98900259B07 /* ViewController.swift */,
				67EEA81D2469E98900259B07 /* Main.storyboard */,
				67EEA8202469E98C00259B07 /* Assets.xcassets */,
				67EEA8222469E98C00259B07 /* LaunchScreen.storyboard */,
				67EEA8252469E98C00259B07 /* Info.plist */,
			);
			path = LocationApp;
			sourceTree = "<group>";
		};
		67EEA82D2469E98C00259B07 /* LocationAppTests */ = {
			isa = PBXGroup;
			children = (
				67EEA82E2469E98C00259B07 /* LocationAppTests.swift */,
				67EEA8302469E98C00259B07 /* Info.plist */,
			);
			path = LocationAppTests;
			sourceTree = "<group>";
		};
/* End PBXGroup section */

/* Begin PBXNativeTarget section */
		67EEA8132469E98900259B07 /* LocationApp */ = {
			isa = PBXNativeTarget;
			buildConfigurationList = 67EEA8332469E98C00259B07 /* Build configuration list for PBXNativeTarget "LocationApp" */;
			buildPhases = (
				67EEA8102469E98900259B07 /* Sources */,
				67EEA8112469E98900259B07 /* Frameworks */,
				67EEA8122469E98900259B07 /* Resources */,
			);
			buildRules = (
			);
			dependencies = (
			);
			name = LocationApp;
			productName = LocationApp;
			productReference = 67EEA8142469E98900259B07 /* LocationApp.app */;
			productType = "com.apple.product-type.application";
		};
		67EEA8292469E98C00259B07 /* LocationAppTests */ = {
			isa = PBXNativeTarget;
			buildConfigurationList = 67EEA8362469E98C00259B07 /* Build configuration list for PBXNativeTarget "LocationAppTests" */;
			buildPhases = (
				67EEA8262469E98C00259B07 /* Sources */,
				67EEA8272469E98C00259B07 /* Frameworks */,
				67EEA8282469E98C00259B07 /* Resources */,
			);
			buildRules = (
			);
			dependencies = (
				67EEA82C2469E98C00259B07 /* PBXTargetDependency */,
			);
			name = LocationAppTests;
			productName = LocationAppTests;
			productReference = 67EEA82A2469E98C00259B07 /* LocationAppTests.xctest */;
			productType = "com.apple.product-type.bundle.unit-test";
		};
/* End PBXNativeTarget section */

/* Begin PBXProject section */
		67EEA80C2469E98900259B07 /* Project object */ = {
			isa = PBXProject;
			attributes = {
				LastSwiftUpdateCheck = 1140;
				LastUpgradeCheck = 1140;
				ORGANIZATIONNAME = "Piotr Guzia";
				TargetAttributes = {
					67EEA8132469E98900259B07 = {
						CreatedOnToolsVersion = 11.4.1;
					};
					67EEA8292469E98C00259B07 = {
						CreatedOnToolsVersion = 11.4.1;
						TestTargetID = 67EEA8132469E98900259B07;
					};
				};
			};
			buildConfigurationList = 67EEA80F2469E98900259B07 /* Build configuration list for PBXProject "LocationApp" */;
			compatibilityVersion = "Xcode 9.3";
			developmentRegion = en;
			hasScannedForEncodings = 0;
			knownRegions = (
				en,
				Base,
			);
			mainGroup = 67EEA80B2469E98900259B07;
			productRefGroup = 67EEA8152469E98900259B07 /* Products */;
			projectDirPath = "";
			projectRoot = "";
			targets = (
				67EEA8132469E98900259B07 /* LocationApp */,
				67EEA8292469E98C00259B07 /* LocationAppTests */,
			);
		};
/* End PBXProject section */

/* Begin PBXResourcesBuildPhase section */
		67EEA8122469E98900259B07 /* Resources */ = {
			isa = PBXResourcesBuildPhase;
			buildActionMask = 2147483647;
			files = (
				67EEA8242469E98C00259B07 /* LaunchScreen.storyboard in Resources */,
				67EEA8212469E98C00259B07 /* Assets.xcassets in Resources */,
				67EEA81F2469E98900259B07 /* Main.storyboard in Resources */,
			);
			runOnlyForDeploymentPostprocessing = 0;
		};
		67EEA8282469E98C00259B07 /* Resources */ = {
			isa = PBXResourcesBuildPhase;
			buildActionMask = 2147483647;
			files = (
			);
			runOnlyForDeploymentPostprocessing = 0;
		};
/* End PBXResourcesBuildPhase section */

/* Begin PBXSourcesBuildPhase section */
		67EEA8102469E98900259B07 /* Sources */ = {
			isa = PBXSourcesBuildPhase;
			buildActionMask = 2147483647;
			files = (
				67EEA81C2469E98900259B07 /* ViewController.swift in Sources */,
				67EEA8182469E98900259B07 /* AppDelegate.swift in Sources */,
			);
			runOnlyForDeploymentPostprocessing = 0;
		};
		67EEA8262469E98C00259B07 /* Sources */ = {
			isa = PBXSourcesBuildPhase;
			buildActionMask = 2147483647;
			files = (
				67EEA82F2469E98C00259B07 /* LocationAppTests.swift in Sources */,
			);
			runOnlyForDeploymentPostprocessing = 0;
		};
/* End PBXSourcesBuildPhase section */

/* Begin PBXTargetDependency section */
		67EEA82C2469E98C00259B07 /* PBXTargetDependency */ = {
			isa = PBXTargetDependency;
			target = 67EEA8132469E98900259B07 /* LocationApp */;
			targetProxy = 67EEA82B2469E98C00259B07 /* PBXContainerItemProxy */;
		};
/* End PBXTargetDependency section */

/* Begin PBXVariantGroup section */
		67EEA81D2469E98900259B07 /* Main.storyboard */ = {
			isa = PBXVariantGroup;
			children = (
				67EEA81E2469E98900259B07 /* Base */,
			);
			name = Main.storyboard;
			sourceTree = "<group>";
		};
		67EEA8222469E98C00259B07 /* LaunchScreen.storyboard */ = {
			isa = PBXVariantGroup;
			children = (
				67EEA8232469E98C00259B07 /* Base */,
			);
			name = LaunchScreen.storyboard;
			sourceTree = "<group>";
		};
/* End PBXVariantGroup section */

/* Begin XCBuildConfiguration section */
		67EEA8312469E98C00259B07 /* Debug */ = {
			isa = XCBuildConfiguration;
			buildSettings = {
				ALWAYS_SEARCH_USER_PATHS = NO;
				CLANG_ANALYZER_NONNULL = YES;
				CLANG_ANALYZER_NUMBER_OBJECT_CONVERSION = YES_AGGRESSIVE;
				CLANG_CXX_LANGUAGE_STANDARD = "gnu++14";
				CLANG_CXX_LIBRARY = "libc++";
				CLANG_ENABLE_MODULES = YES;
				CLANG_ENABLE_OBJC_ARC = YES;
				CLANG_ENABLE_OBJC_WEAK = YES;
				CLANG_WARN_BLOCK_CAPTURE_AUTORELEASING = YES;
				CLANG_WARN_BOOL_CONVERSION = YES;
				CLANG_WARN_COMMA = YES;
				CLANG_WARN_CONSTANT_CONVERSION = YES;
				CLANG_WARN_DEPRECATED_OBJC_IMPLEMENTATIONS = YES;
				CLANG_WARN_DIRECT_OBJC_ISA_USAGE = YES_ERROR;
				CLANG_WARN_DOCUMENTATION_COMMENTS = YES;
				CLANG_WARN_EMPTY_BODY = YES;
				CLANG_WARN_ENUM_CONVERSION = YES;
				CLANG_WARN_INFINITE_RECURSION = YES;
				CLANG_WARN_INT_CONVERSION = YES;
				CLANG_WARN_NON_LITERAL_NULL_CONVERSION = YES;
				CLANG_WARN_OBJC_IMPLICIT_RETAIN_SELF = YES;
				CLANG_WARN_OBJC_LITERAL_CONVERSION = YES;
				CLANG_WARN_OBJC_ROOT_CLASS = YES_ERROR;
				CLANG_WARN_RANGE_LOOP_ANALYSIS = YES;
				CLANG_WARN_STRICT_PROTOTYPES = YES;
				CLANG_WARN_SUSPICIOUS_MOVE = YES;
				CLANG_WARN_UNGUARDED_AVAILABILITY = YES_AGGRESSIVE;
				CLANG_WARN_UNREACHABLE_CODE = YES;
				CLANG_WARN__DUPLICATE_METHOD_MATCH = YES;
				COPY_PHASE_STRIP = NO;
				DEBUG_INFORMATION_FORMAT = dwarf;
				ENABLE_STRICT_OBJC_MSGSEND = YES;
				ENABLE_TESTABILITY = YES;
				GCC_C_LANGUAGE_STANDARD = gnu11;
				GCC_DYNAMIC_NO_PIC = NO;
				GCC_NO_COMMON_BLOCKS = YES;
				GCC_OPTIMIZATION_LEVEL = 0;
				GCC_PREPROCESSOR_DEFINITIONS = (
					"DEBUG=1",
					"$(inherited)",
				);
				GCC_WARN_64_TO_32_BIT_CONVERSION = YES;
				GCC_WARN_ABOUT_RETURN_TYPE = YES_ERROR;
				GCC_WARN_UNDECLARED_SELECTOR = YES;
				GCC_WARN_UNINITIALIZED_AUTOS = YES_AGGRESSIVE;
				GCC_WARN_UNUSED_FUNCTION = YES;
				GCC_WARN_UNUSED_VARIABLE = YES;
				IPHONEOS_DEPLOYMENT_TARGET = 13.4;
				MTL_ENABLE_DEBUG_INFO = INCLUDE_SOURCE;
				MTL_FAST_MATH = YES;
				ONLY_ACTIVE_ARCH = YES;
				SDKROOT = iphoneos;
				SWIFT_ACTIVE_COMPILATION_CONDITIONS = DEBUG;
				SWIFT_OPTIMIZATION_LEVEL = "-Onone";
			};
			name = Debug;
		};
		67EEA8322469E98C00259B07 /* Release */ = {
			isa = XCBuildConfiguration;
			buildSettings = {
				ALWAYS_SEARCH_USER_PATHS = NO;
				CLANG_ANALYZER_NONNULL = YES;
				CLANG_ANALYZER_NUMBER_OBJECT_CONVERSION = YES_AGGRESSIVE;
				CLANG_CXX_LANGUAGE_STANDARD = "gnu++14";
				CLANG_CXX_LIBRARY = "libc++";
				CLANG_ENABLE_MODULES = YES;
				CLANG_ENABLE_OBJC_ARC = YES;
				CLANG_ENABLE_OBJC_WEAK = YES;
				CLANG_WARN_BLOCK_CAPTURE_AUTORELEASING = YES;
				CLANG_WARN_BOOL_CONVERSION = YES;
				CLANG_WARN_COMMA = YES;
				CLANG_WARN_CONSTANT_CONVERSION = YES;
				CLANG_WARN_DEPRECATED_OBJC_IMPLEMENTATIONS = YES;
				CLANG_WARN_DIRECT_OBJC_ISA_USAGE = YES_ERROR;
				CLANG_WARN_DOCUMENTATION_COMMENTS = YES;
				CLANG_WARN_EMPTY_BODY = YES;
				CLANG_WARN_ENUM_CONVERSION = YES;
				CLANG_WARN_INFINITE_RECURSION = YES;
				CLANG_WARN_INT_CONVERSION = YES;
				CLANG_WARN_NON_LITERAL_NULL_CONVERSION = YES;
				CLANG_WARN_OBJC_IMPLICIT_RETAIN_SELF = YES;
				CLANG_WARN_OBJC_LITERAL_CONVERSION = YES;
				CLANG_WARN_OBJC_ROOT_CLASS = YES_ERROR;
				CLANG_WARN_RANGE_LOOP_ANALYSIS = YES;
				CLANG_WARN_STRICT_PROTOTYPES = YES;
				CLANG_WARN_SUSPICIOUS_MOVE = YES;
				CLANG_WARN_UNGUARDED_AVAILABILITY = YES_AGGRESSIVE;
				CLANG_WARN_UNREACHABLE_CODE = YES;
				CLANG_WARN__DUPLICATE_METHOD_MATCH = YES;
				COPY_PHASE_STRIP = NO;
				DEBUG_INFORMATION_FORMAT = "dwarf-with-dsym";
				ENABLE_NS_ASSERTIONS = NO;
				ENABLE_STRICT_OBJC_MSGSEND = YES;
				GCC_C_LANGUAGE_STANDARD = gnu11;
				GCC_NO_COMMON_BLOCKS = YES;
				GCC_WARN_64_TO_32_BIT_CONVERSION = YES;
				GCC_WARN_ABOUT_RETURN_TYPE = YES_ERROR;
				GCC_WARN_UNDECLARED_SELECTOR = YES;
				GCC_WARN_UNINITIALIZED_AUTOS = YES_AGGRESSIVE;
				GCC_WARN_UNUSED_FUNCTION = YES;
				GCC_WARN_UNUSED_VARIABLE = YES;
				IPHONEOS_DEPLOYMENT_TARGET = 13.4;
				MTL_ENABLE_DEBUG_INFO = NO;
				MTL_FAST_MATH = YES;
				SDKROOT = iphoneos;
				SWIFT_COMPILATION_MODE = wholemodule;
				SWIFT_OPTIMIZATION_LEVEL = "-O";
				VALIDATE_PRODUCT = YES;
			};
			name = Release;
		};
		67EEA8342469E98C00259B07 /* Debug */ = {
			isa = XCBuildConfiguration;
			buildSettings = {
				ASSETCATALOG_COMPILER_APPICON_NAME = AppIcon;
				CODE_SIGN_STYLE = Automatic;
				INFOPLIST_FILE = LocationApp/Info.plist;
				LD_RUNPATH_SEARCH_PATHS = (
					"$(inherited)",
					"@executable_path/Frameworks",
				);
				PRODUCT_BUNDLE_IDENTIFIER = location.com.pg.LocationApp;
				PRODUCT_NAME = "$(TARGET_NAME)";
				SWIFT_VERSION = 5.0;
				TARGETED_DEVICE_FAMILY = "1,2";
			};
			name = Debug;
		};
		67EEA8352469E98C00259B07 /* Release */ = {
			isa = XCBuildConfiguration;
			buildSettings = {
				ASSETCATALOG_COMPILER_APPICON_NAME = AppIcon;
				CODE_SIGN_STYLE = Automatic;
				INFOPLIST_FILE = LocationApp/Info.plist;
				LD_RUNPATH_SEARCH_PATHS = (
					"$(inherited)",
					"@executable_path/Frameworks",
				);
				PRODUCT_BUNDLE_IDENTIFIER = location.com.pg.LocationApp;
				PRODUCT_NAME = "$(TARGET_NAME)";
				SWIFT_VERSION = 5.0;
				TARGETED_DEVICE_FAMILY = "1,2";
			};
			name = Release;
		};
		67EEA8372469E98C00259B07 /* Debug */ = {
			isa = XCBuildConfiguration;
			buildSettings = {
				ALWAYS_EMBED_SWIFT_STANDARD_LIBRARIES = YES;
				BUNDLE_LOADER = "$(TEST_HOST)";
				CODE_SIGN_STYLE = Automatic;
				INFOPLIST_FILE = LocationAppTests/Info.plist;
				IPHONEOS_DEPLOYMENT_TARGET = 13.4;
				LD_RUNPATH_SEARCH_PATHS = (
					"$(inherited)",
					"@executable_path/Frameworks",
					"@loader_path/Frameworks",
				);
				PRODUCT_BUNDLE_IDENTIFIER = location.com.pg.LocationAppTests;
				PRODUCT_NAME = "$(TARGET_NAME)";
				SWIFT_VERSION = 5.0;
				TARGETED_DEVICE_FAMILY = "1,2";
				TEST_HOST = "$(BUILT_PRODUCTS_DIR)/LocationApp.app/LocationApp";
			};
			name = Debug;
		};
		67EEA8382469E98C00259B07 /* Release */ = {
			isa = XCBuildConfiguration;
			buildSettings = {
				ALWAYS_EMBED_SWIFT_STANDARD_LIBRARIES = YES;
				BUNDLE_LOADER = "$(TEST_HOST)";
				CODE_SIGN_STYLE = Automatic;
				INFOPLIST_FILE = LocationAppTests/Info.plist;
				IPHONEOS_DEPLOYMENT_TARGET = 13.4;
				LD_RUNPATH_SEARCH_PATHS = (
					"$(inherited)",
					"@executable_path/Frameworks",
					"@loader_path/Frameworks",
				);
				PRODUCT_BUNDLE_IDENTIFIER = location.com.pg.LocationAppTests;
				PRODUCT_NAME = "$(TARGET_NAME)";
				SWIFT_VERSION = 5.0;
				TARGETED_DEVICE_FAMILY = "1,2";
				TEST_HOST = "$(BUILT_PRODUCTS_DIR)/LocationApp.app/LocationApp";
			};
			name = Release;
		};
/* End XCBuildConfiguration section */

/* Begin XCConfigurationList section */
		67EEA80F2469E98900259B07 /* Build configuration list for PBXProject "LocationApp" */ = {
			isa = XCConfigurationList;
			buildConfigurations = (
				67EEA8312469E98C00259B07 /* Debug */,
				67EEA8322469E98C00259B07 /* Release */,
			);
			defaultConfigurationIsVisible = 0;
			defaultConfigurationName = Release;
		};
		67EEA8332469E98C00259B07 /* Build configuration list for PBXNativeTarget "LocationApp" */ = {
			isa = XCConfigurationList;
			buildConfigurations = (
				67EEA8342469E98C00259B07 /* Debug */,
				67EEA8352469E98C00259B07 /* Release */,
			);
			defaultConfigurationIsVisible = 0;
			defaultConfigurationName = Release;
		};
		67EEA8362469E98C00259B07 /* Build configuration list for PBXNativeTarget "LocationAppTests" */ = {
			isa = XCConfigurationList;
			buildConfigurations = (
				67EEA8372469E98C00259B07 /* Debug */,
				67EEA8382469E98C00259B07 /* Release */,
			);
			defaultConfigurationIsVisible = 0;
			defaultConfigurationName = Release;
		};
/* End XCConfigurationList section */
	};
	rootObject = 67EEA80C2469E98900259B07 /* Project object */;
}
